{
  "nodes": {
    "nixpkgs": {
      "locked": {
        "lastModified": 1760116735,
        "narHash": "sha256-CtJvXEn1BAMg0dug9LUJXEw/1Sq0MqX52BToFKFHeG8=",
        "rev": "0b4defa2584313f3b781240b29d61f6f9f7e0df3",
        "type": "tarball",
        "url": "https://releases.nixos.org/nixos/unstable/nixos-25.11pre875086.0b4defa25843/nixexprs.tar.xz"
      },
      "original": {
        "type": "tarball",
        "url": "https://channels.nixos.org/nixos-unstable/nixexprs.tar.xz"
      }
    },
    "root": {
      "inputs": {
        "nixpkgs": "nixpkgs"
      }
    }
  },
  "root": "root",
  "version": 7
}
